github.com/davecgh/go-spew v1.1.0 h1:ZDRjVQ15GmhC3fiQ8ni8+OwkZQO4DARzQgrnXU1Liz8=
github.com/itchyny/maze v0.0.8 h1:y45uIzOaS4aXKipHqaJewBa6fuyVn6jrcJns439XTIM=
github.com/itchyny/maze v0.0.8/go.mod h1:fPfIP3DdSomiBoEBrTHnrA1bmmZjilZ3kL2GTuLzSXk=
github.com/joho/godotenv v1.4.0 h1:3l4+N6zfMWnkbPEXKng2o2/MR5mSwTrBih4ZEkkz1lg=
github.com/joho/godotenv v1.4.0/go.mod h1:f4LDr5Voq0i2e/R5DDNOoa2zzDfwtkZa6DnEwAbqwq4=
github.com/pmezard/go-difflib v1.0.0 h1:4DBwDE0NGyQoBHbLQYPwSUPoCMWR5BEzIk/f1lZbAQM=
github.com/stretchr/testify v1.7.0 h1:nwc3DEeHmmLAfoZucVR881uASk0Mfjw8xYJ99tb5CcY=
github.com/willroberts/minecraft-client v1.1.1-0.20220812161436-f4880f9efcd0 h1:a3T6iNqPjsVAF8z5jeois6A65pIJSbj5yLlxUk29hjk=
github.com/willroberts/minecraft-client v1.1.1-0.20220812161436-f4880f9efcd0/go.mod h1:MmYKZngnRArEn8SzI6zUIq/X4x/z/kttjHgaPmwRCcE=
golang.org/x/sync v0.0.0-20220907140024-f12130a52804 h1:0SH2R3f1b1VmIMG7BXbEZCBUu2dKmHschSmjqGUrW8A=
golang.org/x/sync v0.0.0-20220907140024-f12130a52804/go.mod h1:RxMgew5VJxzue5/jJTE5uejpjVlOe/izrB70Jof72aM=
gopkg.in/yaml.v3 v3.0.0-20200313102051-9f266ea9e77c h1:dUUwHk2QECo/6vqA44rthZ8ie2QXMNeKRTHCNY2nXvo=
